// !$*UTF8*$!
{
	archiveVersion = 1;
	classes = {
	};
	objectVersion = 50;
	objects = {

/* Begin PBXBuildFile section */
		40104A4D25DEE5FF003489DC /* HomeViewController.swift in Sources */ = {isa = PBXBuildFile; fileRef = 40104A4C25DEE5FF003489DC /* HomeViewController.swift */; };
		40944ECB25DEC35900447BA3 /* fotoblank.png in Resources */ = {isa = PBXBuildFile; fileRef = 40944EC425DEC35900447BA3 /* fotoblank.png */; };
		40944ECC25DEC35900447BA3 /* kotak absen masuk.png in Resources */ = {isa = PBXBuildFile; fileRef = 40944EC525DEC35900447BA3 /* kotak absen masuk.png */; };
		40944ECD25DEC35900447BA3 /* kalender.png in Resources */ = {isa = PBXBuildFile; fileRef = 40944EC625DEC35900447BA3 /* kalender.png */; };
		40944ECE25DEC35900447BA3 /* kotak izin.png in Resources */ = {isa = PBXBuildFile; fileRef = 40944EC725DEC35900447BA3 /* kotak izin.png */; };
		40944ECF25DEC35900447BA3 /* map pin.png in Resources */ = {isa = PBXBuildFile; fileRef = 40944EC825DEC35900447BA3 /* map pin.png */; };
		40944ED025DEC35900447BA3 /* bg izin.png in Resources */ = {isa = PBXBuildFile; fileRef = 40944EC925DEC35900447BA3 /* bg izin.png */; };
		40944ED125DEC35900447BA3 /* kotakabsen.png in Resources */ = {isa = PBXBuildFile; fileRef = 40944ECA25DEC35900447BA3 /* kotakabsen.png */; };
		40944ED425DEC3A000447BA3 /* background.png in Resources */ = {isa = PBXBuildFile; fileRef = 40944ED325DEC3A000447BA3 /* background.png */; };
		40944ED725DEC4C500447BA3 /* garispetahome.png in Resources */ = {isa = PBXBuildFile; fileRef = 40944ED625DEC4C500447BA3 /* garispetahome.png */; };
		40944EDA25DEC71800447BA3 /* latarizin.png in Resources */ = {isa = PBXBuildFile; fileRef = 40944ED925DEC71800447BA3 /* latarizin.png */; };
		40BECB7E25DF749000DBA655 /* boxjumlahizin.png in Resources */ = {isa = PBXBuildFile; fileRef = 40BECB7725DF748F00DBA655 /* boxjumlahizin.png */; };
		40BECB7F25DF749000DBA655 /* gantipassword.png in Resources */ = {isa = PBXBuildFile; fileRef = 40BECB7825DF748F00DBA655 /* gantipassword.png */; };
		40BECB8025DF749000DBA655 /* notif.png in Resources */ = {isa = PBXBuildFile; fileRef = 40BECB7925DF748F00DBA655 /* notif.png */; };
		40BECB8125DF749000DBA655 /* aboutus.png in Resources */ = {isa = PBXBuildFile; fileRef = 40BECB7A25DF748F00DBA655 /* aboutus.png */; };
		40BECB8225DF749000DBA655 /* boxjumlahaplha.png in Resources */ = {isa = PBXBuildFile; fileRef = 40BECB7B25DF748F00DBA655 /* boxjumlahaplha.png */; };
		40BECB8325DF749000DBA655 /* camlogo.png in Resources */ = {isa = PBXBuildFile; fileRef = 40BECB7C25DF748F00DBA655 /* camlogo.png */; };
		40BECB8425DF749000DBA655 /* boxjumlahhadir.png in Resources */ = {isa = PBXBuildFile; fileRef = 40BECB7D25DF748F00DBA655 /* boxjumlahhadir.png */; };
		40BECB8725DF75D800DBA655 /* lokasiprof.png in Resources */ = {isa = PBXBuildFile; fileRef = 40BECB8625DF75D800DBA655 /* lokasiprof.png */; };
		40BECB8B25DF772900DBA655 /* kotakprofarrow.png in Resources */ = {isa = PBXBuildFile; fileRef = 40BECB8925DF772900DBA655 /* kotakprofarrow.png */; };
		40BECB8C25DF772900DBA655 /* kotakprofpolos.png in Resources */ = {isa = PBXBuildFile; fileRef = 40BECB8A25DF772900DBA655 /* kotakprofpolos.png */; };
		40BECB8F25DF7E5900DBA655 /* backarrow.png in Resources */ = {isa = PBXBuildFile; fileRef = 40BECB8E25DF7E5900DBA655 /* backarrow.png */; };
		40BECB9425DF80C300DBA655 /* LupaPassViewController.swift in Sources */ = {isa = PBXBuildFile; fileRef = 40BECB9325DF80C300DBA655 /* LupaPassViewController.swift */; };
		40BECB9925DF93A400DBA655 /* ProfileViewController.swift in Sources */ = {isa = PBXBuildFile; fileRef = 40BECB9825DF93A400DBA655 /* ProfileViewController.swift */; };
		40BECBA425DFB0A400DBA655 /* kalender1.png in Resources */ = {isa = PBXBuildFile; fileRef = 40BECBA025DFB0A300DBA655 /* kalender1.png */; };
		40BECBA525DFB0A400DBA655 /* history.png in Resources */ = {isa = PBXBuildFile; fileRef = 40BECBA125DFB0A400DBA655 /* history.png */; };
		40BECBA625DFB0A400DBA655 /* kalender.png in Resources */ = {isa = PBXBuildFile; fileRef = 40BECBA225DFB0A400DBA655 /* kalender.png */; };
		40BECBA725DFB0A400DBA655 /* history1.png in Resources */ = {isa = PBXBuildFile; fileRef = 40BECBA325DFB0A400DBA655 /* history1.png */; };
		40BECBAA25DFB19C00DBA655 /* boxhistory.png in Resources */ = {isa = PBXBuildFile; fileRef = 40BECBA925DFB19C00DBA655 /* boxhistory.png */; };
		40BECBAD25DFB2EE00DBA655 /* HistoryViewController.swift in Sources */ = {isa = PBXBuildFile; fileRef = 40BECBAC25DFB2EE00DBA655 /* HistoryViewController.swift */; };
		40F4E83725DE7B7600BAC0D2 /* AppDelegate.swift in Sources */ = {isa = PBXBuildFile; fileRef = 40F4E83625DE7B7600BAC0D2 /* AppDelegate.swift */; };
		40F4E83925DE7B7600BAC0D2 /* SceneDelegate.swift in Sources */ = {isa = PBXBuildFile; fileRef = 40F4E83825DE7B7600BAC0D2 /* SceneDelegate.swift */; };
		40F4E83B25DE7B7600BAC0D2 /* ViewController.swift in Sources */ = {isa = PBXBuildFile; fileRef = 40F4E83A25DE7B7600BAC0D2 /* ViewController.swift */; };
		40F4E83E25DE7B7600BAC0D2 /* Main.storyboard in Resources */ = {isa = PBXBuildFile; fileRef = 40F4E83C25DE7B7600BAC0D2 /* Main.storyboard */; };
		40F4E84125DE7B7600BAC0D2 /* SAMPolibatam.xcdatamodeld in Sources */ = {isa = PBXBuildFile; fileRef = 40F4E83F25DE7B7600BAC0D2 /* SAMPolibatam.xcdatamodeld */; };
		40F4E84325DE7B7700BAC0D2 /* Assets.xcassets in Resources */ = {isa = PBXBuildFile; fileRef = 40F4E84225DE7B7700BAC0D2 /* Assets.xcassets */; };
		40F4E84625DE7B7700BAC0D2 /* LaunchScreen.storyboard in Resources */ = {isa = PBXBuildFile; fileRef = 40F4E84425DE7B7700BAC0D2 /* LaunchScreen.storyboard */; };
		40F4E86125DE7D3000BAC0D2 /* Rectangle 11.png in Resources */ = {isa = PBXBuildFile; fileRef = 40F4E85F25DE7D3000BAC0D2 /* Rectangle 11.png */; };
		40F4E86225DE7D3000BAC0D2 /* bt_bg_primary.png in Resources */ = {isa = PBXBuildFile; fileRef = 40F4E86025DE7D3000BAC0D2 /* bt_bg_primary.png */; };
		40F4E86525DE7D3800BAC0D2 /* Kampus-Polibatam1.jpg in Resources */ = {isa = PBXBuildFile; fileRef = 40F4E86425DE7D3800BAC0D2 /* Kampus-Polibatam1.jpg */; };
		40F4E86825DE7DF200BAC0D2 /* Rectanglepoltek.png in Resources */ = {isa = PBXBuildFile; fileRef = 40F4E86725DE7DF200BAC0D2 /* Rectanglepoltek.png */; };
		40F4E86B25DE7EAA00BAC0D2 /* textarea.png in Resources */ = {isa = PBXBuildFile; fileRef = 40F4E86A25DE7EAA00BAC0D2 /* textarea.png */; };
		40F4E86E25DE841C00BAC0D2 /* Logo-Polibatam.png in Resources */ = {isa = PBXBuildFile; fileRef = 40F4E86D25DE841C00BAC0D2 /* Logo-Polibatam.png */; };
		40F4E87425DE88CD00BAC0D2 /* home1.png in Resources */ = {isa = PBXBuildFile; fileRef = 40F4E87125DE88CD00BAC0D2 /* home1.png */; };
		40F4E87525DE88CD00BAC0D2 /* profile1.png in Resources */ = {isa = PBXBuildFile; fileRef = 40F4E87225DE88CD00BAC0D2 /* profile1.png */; };
		40F4E87625DE88CD00BAC0D2 /* history1.png in Resources */ = {isa = PBXBuildFile; fileRef = 40F4E87325DE88CD00BAC0D2 /* history1.png */; };
		40F4E87E25DE8E8500BAC0D2 /* home.png in Resources */ = {isa = PBXBuildFile; fileRef = 40F4E87B25DE8E8500BAC0D2 /* home.png */; };
		40F4E87F25DE8E8500BAC0D2 /* history.png in Resources */ = {isa = PBXBuildFile; fileRef = 40F4E87C25DE8E8500BAC0D2 /* history.png */; };
		40F4E88025DE8E8500BAC0D2 /* profile.png in Resources */ = {isa = PBXBuildFile; fileRef = 40F4E87D25DE8E8500BAC0D2 /* profile.png */; };
/* End PBXBuildFile section */

/* Begin PBXFileReference section */
		40104A4C25DEE5FF003489DC /* HomeViewController.swift */ = {isa = PBXFileReference; lastKnownFileType = sourcecode.swift; path = HomeViewController.swift; sourceTree = "<group>"; };
		40944EC425DEC35900447BA3 /* fotoblank.png */ = {isa = PBXFileReference; lastKnownFileType = image.png; name = fotoblank.png; path = ../../../../Export/fotoblank.png; sourceTree = "<group>"; };
		40944EC525DEC35900447BA3 /* kotak absen masuk.png */ = {isa = PBXFileReference; lastKnownFileType = image.png; name = "kotak absen masuk.png"; path = "../../../../Export/kotak absen masuk.png"; sourceTree = "<group>"; };
		40944EC625DEC35900447BA3 /* kalender.png */ = {isa = PBXFileReference; lastKnownFileType = image.png; name = kalender.png; path = ../../../../Export/kalender.png; sourceTree = "<group>"; };
		40944EC725DEC35900447BA3 /* kotak izin.png */ = {isa = PBXFileReference; lastKnownFileType = image.png; name = "kotak izin.png"; path = "../../../../Export/kotak izin.png"; sourceTree = "<group>"; };
		40944EC825DEC35900447BA3 /* map pin.png */ = {isa = PBXFileReference; lastKnownFileType = image.png; name = "map pin.png"; path = "../../../../Export/map pin.png"; sourceTree = "<group>"; };
		40944EC925DEC35900447BA3 /* bg izin.png */ = {isa = PBXFileReference; lastKnownFileType = image.png; name = "bg izin.png"; path = "../../../../Export/bg izin.png"; sourceTree = "<group>"; };
		40944ECA25DEC35900447BA3 /* kotakabsen.png */ = {isa = PBXFileReference; lastKnownFileType = image.png; name = kotakabsen.png; path = ../../../../Export/kotakabsen.png; sourceTree = "<group>"; };
		40944ED325DEC3A000447BA3 /* background.png */ = {isa = PBXFileReference; lastKnownFileType = image.png; name = background.png; path = ../../../../Export/background.png; sourceTree = "<group>"; };
		40944ED625DEC4C500447BA3 /* garispetahome.png */ = {isa = PBXFileReference; lastKnownFileType = image.png; name = garispetahome.png; path = ../../../../Export/garispetahome.png; sourceTree = "<group>"; };
		40944ED925DEC71800447BA3 /* latarizin.png */ = {isa = PBXFileReference; lastKnownFileType = image.png; name = latarizin.png; path = ../../../../Export/latarizin.png; sourceTree = "<group>"; };
		40BECB7725DF748F00DBA655 /* boxjumlahizin.png */ = {isa = PBXFileReference; lastKnownFileType = image.png; name = boxjumlahizin.png; path = ../../../../Export/boxjumlahizin.png; sourceTree = "<group>"; };
		40BECB7825DF748F00DBA655 /* gantipassword.png */ = {isa = PBXFileReference; lastKnownFileType = image.png; name = gantipassword.png; path = ../../../../Export/gantipassword.png; sourceTree = "<group>"; };
		40BECB7925DF748F00DBA655 /* notif.png */ = {isa = PBXFileReference; lastKnownFileType = image.png; name = notif.png; path = ../../../../Export/notif.png; sourceTree = "<group>"; };
		40BECB7A25DF748F00DBA655 /* aboutus.png */ = {isa = PBXFileReference; lastKnownFileType = image.png; name = aboutus.png; path = ../../../../Export/aboutus.png; sourceTree = "<group>"; };
		40BECB7B25DF748F00DBA655 /* boxjumlahaplha.png */ = {isa = PBXFileReference; lastKnownFileType = image.png; name = boxjumlahaplha.png; path = ../../../../Export/boxjumlahaplha.png; sourceTree = "<group>"; };
		40BECB7C25DF748F00DBA655 /* camlogo.png */ = {isa = PBXFileReference; lastKnownFileType = image.png; name = camlogo.png; path = ../../../../Export/camlogo.png; sourceTree = "<group>"; };
		40BECB7D25DF748F00DBA655 /* boxjumlahhadir.png */ = {isa = PBXFileReference; lastKnownFileType = image.png; name = boxjumlahhadir.png; path = ../../../../Export/boxjumlahhadir.png; sourceTree = "<group>"; };
		40BECB8625DF75D800DBA655 /* lokasiprof.png */ = {isa = PBXFileReference; lastKnownFileType = image.png; name = lokasiprof.png; path = ../../../../Export/lokasiprof.png; sourceTree = "<group>"; };
		40BECB8925DF772900DBA655 /* kotakprofarrow.png */ = {isa = PBXFileReference; lastKnownFileType = image.png; name = kotakprofarrow.png; path = ../../../../Export/kotakprofarrow.png; sourceTree = "<group>"; };
		40BECB8A25DF772900DBA655 /* kotakprofpolos.png */ = {isa = PBXFileReference; lastKnownFileType = image.png; name = kotakprofpolos.png; path = ../../../../Export/kotakprofpolos.png; sourceTree = "<group>"; };
		40BECB8E25DF7E5900DBA655 /* backarrow.png */ = {isa = PBXFileReference; lastKnownFileType = image.png; name = backarrow.png; path = ../../../../Export/backarrow.png; sourceTree = "<group>"; };
		40BECB9125DF7E6500DBA655 /* backarrow.png */ = {isa = PBXFileReference; lastKnownFileType = image.png; path = backarrow.png; sourceTree = "<group>"; };
		40BECB9325DF80C300DBA655 /* LupaPassViewController.swift */ = {isa = PBXFileReference; lastKnownFileType = sourcecode.swift; path = LupaPassViewController.swift; sourceTree = "<group>"; };
		40BECB9825DF93A400DBA655 /* ProfileViewController.swift */ = {isa = PBXFileReference; lastKnownFileType = sourcecode.swift; path = ProfileViewController.swift; sourceTree = "<group>"; };
		40BECBA025DFB0A300DBA655 /* kalender1.png */ = {isa = PBXFileReference; lastKnownFileType = image.png; name = kalender1.png; path = ../../../../Export/kalender1.png; sourceTree = "<group>"; };
		40BECBA125DFB0A400DBA655 /* history.png */ = {isa = PBXFileReference; lastKnownFileType = image.png; name = history.png; path = ../../../../Export/history.png; sourceTree = "<group>"; };
		40BECBA225DFB0A400DBA655 /* kalender.png */ = {isa = PBXFileReference; lastKnownFileType = image.png; name = kalender.png; path = ../../../../Export/kalender.png; sourceTree = "<group>"; };
		40BECBA325DFB0A400DBA655 /* history1.png */ = {isa = PBXFileReference; lastKnownFileType = image.png; name = history1.png; path = ../../../../Export/history1.png; sourceTree = "<group>"; };
		40BECBA925DFB19C00DBA655 /* boxhistory.png */ = {isa = PBXFileReference; lastKnownFileType = image.png; name = boxhistory.png; path = ../../../../Export/boxhistory.png; sourceTree = "<group>"; };
		40BECBAC25DFB2EE00DBA655 /* HistoryViewController.swift */ = {isa = PBXFileReference; lastKnownFileType = sourcecode.swift; path = HistoryViewController.swift; sourceTree = "<group>"; };
		40F4E83325DE7B7600BAC0D2 /* SAMPolibatam.app */ = {isa = PBXFileReference; explicitFileType = wrapper.application; includeInIndex = 0; path = SAMPolibatam.app; sourceTree = BUILT_PRODUCTS_DIR; };
		40F4E83625DE7B7600BAC0D2 /* AppDelegate.swift */ = {isa = PBXFileReference; lastKnownFileType = sourcecode.swift; path = AppDelegate.swift; sourceTree = "<group>"; };
		40F4E83825DE7B7600BAC0D2 /* SceneDelegate.swift */ = {isa = PBXFileReference; lastKnownFileType = sourcecode.swift; path = SceneDelegate.swift; sourceTree = "<group>"; };
		40F4E83A25DE7B7600BAC0D2 /* ViewController.swift */ = {isa = PBXFileReference; lastKnownFileType = sourcecode.swift; path = ViewController.swift; sourceTree = "<group>"; };
		40F4E83D25DE7B7600BAC0D2 /* Base */ = {isa = PBXFileReference; lastKnownFileType = file.storyboard; name = Base; path = Base.lproj/Main.storyboard; sourceTree = "<group>"; };
		40F4E84025DE7B7600BAC0D2 /* SAMPolibatam.xcdatamodel */ = {isa = PBXFileReference; lastKnownFileType = wrapper.xcdatamodel; path = SAMPolibatam.xcdatamodel; sourceTree = "<group>"; };
		40F4E84225DE7B7700BAC0D2 /* Assets.xcassets */ = {isa = PBXFileReference; lastKnownFileType = folder.assetcatalog; path = Assets.xcassets; sourceTree = "<group>"; };
		40F4E84525DE7B7700BAC0D2 /* Base */ = {isa = PBXFileReference; lastKnownFileType = file.storyboard; name = Base; path = Base.lproj/LaunchScreen.storyboard; sourceTree = "<group>"; };
		40F4E84725DE7B7700BAC0D2 /* Info.plist */ = {isa = PBXFileReference; lastKnownFileType = text.plist.xml; path = Info.plist; sourceTree = "<group>"; };
		40F4E85F25DE7D3000BAC0D2 /* Rectangle 11.png */ = {isa = PBXFileReference; lastKnownFileType = image.png; name = "Rectangle 11.png"; path = "../../../../Export/Rectangle 11.png"; sourceTree = "<group>"; };
		40F4E86025DE7D3000BAC0D2 /* bt_bg_primary.png */ = {isa = PBXFileReference; lastKnownFileType = image.png; name = bt_bg_primary.png; path = ../../../../Export/bt_bg_primary.png; sourceTree = "<group>"; };
		40F4E86425DE7D3800BAC0D2 /* Kampus-Polibatam1.jpg */ = {isa = PBXFileReference; lastKnownFileType = image.jpeg; name = "Kampus-Polibatam1.jpg"; path = "../../../../Poltek/Kampus-Polibatam1.jpg"; sourceTree = "<group>"; };
		40F4E86725DE7DF200BAC0D2 /* Rectanglepoltek.png */ = {isa = PBXFileReference; lastKnownFileType = image.png; name = Rectanglepoltek.png; path = ../../../../Export/Rectanglepoltek.png; sourceTree = "<group>"; };
		40F4E86A25DE7EAA00BAC0D2 /* textarea.png */ = {isa = PBXFileReference; lastKnownFileType = image.png; name = textarea.png; path = ../../../../Export/textarea.png; sourceTree = "<group>"; };
		40F4E86D25DE841C00BAC0D2 /* Logo-Polibatam.png */ = {isa = PBXFileReference; lastKnownFileType = image.png; name = "Logo-Polibatam.png"; path = "../../../../Poltek/Logo/Logo-Polibatam.png"; sourceTree = "<group>"; };
		40F4E87125DE88CD00BAC0D2 /* home1.png */ = {isa = PBXFileReference; lastKnownFileType = image.png; name = home1.png; path = ../../../../Export/home1.png; sourceTree = "<group>"; };
		40F4E87225DE88CD00BAC0D2 /* profile1.png */ = {isa = PBXFileReference; lastKnownFileType = image.png; name = profile1.png; path = ../../../../Export/profile1.png; sourceTree = "<group>"; };
		40F4E87325DE88CD00BAC0D2 /* history1.png */ = {isa = PBXFileReference; lastKnownFileType = image.png; name = history1.png; path = ../../../../Export/history1.png; sourceTree = "<group>"; };
		40F4E87B25DE8E8500BAC0D2 /* home.png */ = {isa = PBXFileReference; lastKnownFileType = image.png; name = home.png; path = ../../../../Export/home.png; sourceTree = "<group>"; };
		40F4E87C25DE8E8500BAC0D2 /* history.png */ = {isa = PBXFileReference; lastKnownFileType = image.png; name = history.png; path = ../../../../Export/history.png; sourceTree = "<group>"; };
		40F4E87D25DE8E8500BAC0D2 /* profile.png */ = {isa = PBXFileReference; lastKnownFileType = image.png; name = profile.png; path = ../../../../Export/profile.png; sourceTree = "<group>"; };
/* End PBXFileReference section */

/* Begin PBXFrameworksBuildPhase section */
		40F4E83025DE7B7600BAC0D2 /* Frameworks */ = {
			isa = PBXFrameworksBuildPhase;
			buildActionMask = 2147483647;
			files = (
			);
			runOnlyForDeploymentPostprocessing = 0;
		};
/* End PBXFrameworksBuildPhase section */

/* Begin PBXGroup section */
		40944EC325DEC34100447BA3 /* Home */ = {
			isa = PBXGroup;
			children = (
				40944ED325DEC3A000447BA3 /* background.png */,
				40944ED925DEC71800447BA3 /* latarizin.png */,
				40944EC925DEC35900447BA3 /* bg izin.png */,
				40944EC425DEC35900447BA3 /* fotoblank.png */,
				40944ED625DEC4C500447BA3 /* garispetahome.png */,
				40944EC625DEC35900447BA3 /* kalender.png */,
				40944EC525DEC35900447BA3 /* kotak absen masuk.png */,
				40944EC725DEC35900447BA3 /* kotak izin.png */,
				40944ECA25DEC35900447BA3 /* kotakabsen.png */,
				40944EC825DEC35900447BA3 /* map pin.png */,
			);
			path = Home;
			sourceTree = "<group>";
		};
		40BECB7525DF738500DBA655 /* History */ = {
			isa = PBXGroup;
			children = (
				40BECBA125DFB0A400DBA655 /* history.png */,
				40BECBA325DFB0A400DBA655 /* history1.png */,
				40BECBA225DFB0A400DBA655 /* kalender.png */,
				40BECBA025DFB0A300DBA655 /* kalender1.png */,
				40BECBA925DFB19C00DBA655 /* boxhistory.png */,
			);
			path = History;
			sourceTree = "<group>";
		};
		40BECB7625DF739100DBA655 /* Profile */ = {
			isa = PBXGroup;
			children = (
				40BECB8E25DF7E5900DBA655 /* backarrow.png */,
				40BECB7A25DF748F00DBA655 /* aboutus.png */,
				40BECB8925DF772900DBA655 /* kotakprofarrow.png */,
				40BECB8A25DF772900DBA655 /* kotakprofpolos.png */,
				40BECB8625DF75D800DBA655 /* lokasiprof.png */,
				40BECB7B25DF748F00DBA655 /* boxjumlahaplha.png */,
				40BECB7D25DF748F00DBA655 /* boxjumlahhadir.png */,
				40BECB7725DF748F00DBA655 /* boxjumlahizin.png */,
				40BECB7C25DF748F00DBA655 /* camlogo.png */,
				40BECB7825DF748F00DBA655 /* gantipassword.png */,
				40BECB7925DF748F00DBA655 /* notif.png */,
			);
			path = Profile;
			sourceTree = "<group>";
		};
		40F4E82A25DE7B7600BAC0D2 = {
			isa = PBXGroup;
			children = (
				40F4E83525DE7B7600BAC0D2 /* SAMPolibatam */,
				40F4E83425DE7B7600BAC0D2 /* Products */,
			);
			sourceTree = "<group>";
		};
		40F4E83425DE7B7600BAC0D2 /* Products */ = {
			isa = PBXGroup;
			children = (
				40F4E83325DE7B7600BAC0D2 /* SAMPolibatam.app */,
			);
			name = Products;
			sourceTree = "<group>";
		};
		40F4E83525DE7B7600BAC0D2 /* SAMPolibatam */ = {
			isa = PBXGroup;
			children = (
				40F4E83625DE7B7600BAC0D2 /* AppDelegate.swift */,
				40F4E83825DE7B7600BAC0D2 /* SceneDelegate.swift */,
				40F4E83A25DE7B7600BAC0D2 /* ViewController.swift */,
				40BECB9325DF80C300DBA655 /* LupaPassViewController.swift */,
				40104A4C25DEE5FF003489DC /* HomeViewController.swift */,
				40BECBAC25DFB2EE00DBA655 /* HistoryViewController.swift */,
				40BECB9825DF93A400DBA655 /* ProfileViewController.swift */,
				40F4E83C25DE7B7600BAC0D2 /* Main.storyboard */,
				40F4E84225DE7B7700BAC0D2 /* Assets.xcassets */,
				40F4E85225DE7C3300BAC0D2 /* Gambar */,
				40F4E84425DE7B7700BAC0D2 /* LaunchScreen.storyboard */,
				40F4E84725DE7B7700BAC0D2 /* Info.plist */,
				40F4E83F25DE7B7600BAC0D2 /* SAMPolibatam.xcdatamodeld */,
			);
			path = SAMPolibatam;
			sourceTree = "<group>";
		};
		40F4E85225DE7C3300BAC0D2 /* Gambar */ = {
			isa = PBXGroup;
			children = (
				40BECB9125DF7E6500DBA655 /* backarrow.png */,
				40F4E85B25DE7D0500BAC0D2 /* Login */,
				40944EC325DEC34100447BA3 /* Home */,
				40F4E87025DE883200BAC0D2 /* TabBar */,
				40BECB7525DF738500DBA655 /* History */,
				40BECB7625DF739100DBA655 /* Profile */,
			);
			path = Gambar;
			sourceTree = "<group>";
		};
		40F4E85B25DE7D0500BAC0D2 /* Login */ = {
			isa = PBXGroup;
			children = (
				40F4E86425DE7D3800BAC0D2 /* Kampus-Polibatam1.jpg */,
				40F4E86D25DE841C00BAC0D2 /* Logo-Polibatam.png */,
				40F4E86725DE7DF200BAC0D2 /* Rectanglepoltek.png */,
				40F4E86025DE7D3000BAC0D2 /* bt_bg_primary.png */,
				40F4E85F25DE7D3000BAC0D2 /* Rectangle 11.png */,
				40F4E86A25DE7EAA00BAC0D2 /* textarea.png */,
			);
			path = Login;
			sourceTree = "<group>";
		};
		40F4E87025DE883200BAC0D2 /* TabBar */ = {
			isa = PBXGroup;
			children = (
				40F4E87325DE88CD00BAC0D2 /* history1.png */,
				40F4E87125DE88CD00BAC0D2 /* home1.png */,
				40F4E87225DE88CD00BAC0D2 /* profile1.png */,
				40F4E87C25DE8E8500BAC0D2 /* history.png */,
				40F4E87B25DE8E8500BAC0D2 /* home.png */,
				40F4E87D25DE8E8500BAC0D2 /* profile.png */,
			);
			path = TabBar;
			sourceTree = "<group>";
		};
/* End PBXGroup section */

/* Begin PBXNativeTarget section */
		40F4E83225DE7B7600BAC0D2 /* SAMPolibatam */ = {
			isa = PBXNativeTarget;
			buildConfigurationList = 40F4E84A25DE7B7700BAC0D2 /* Build configuration list for PBXNativeTarget "SAMPolibatam" */;
			buildPhases = (
				40F4E82F25DE7B7600BAC0D2 /* Sources */,
				40F4E83025DE7B7600BAC0D2 /* Frameworks */,
				40F4E83125DE7B7600BAC0D2 /* Resources */,
			);
			buildRules = (
			);
			dependencies = (
			);
			name = SAMPolibatam;
			productName = SAMPolibatam;
			productReference = 40F4E83325DE7B7600BAC0D2 /* SAMPolibatam.app */;
			productType = "com.apple.product-type.application";
		};
/* End PBXNativeTarget section */

/* Begin PBXProject section */
		40F4E82B25DE7B7600BAC0D2 /* Project object */ = {
			isa = PBXProject;
			attributes = {
				LastSwiftUpdateCheck = 1240;
				LastUpgradeCheck = 1240;
				TargetAttributes = {
					40F4E83225DE7B7600BAC0D2 = {
						CreatedOnToolsVersion = 12.4;
					};
				};
			};
			buildConfigurationList = 40F4E82E25DE7B7600BAC0D2 /* Build configuration list for PBXProject "SAMPolibatam" */;
			compatibilityVersion = "Xcode 9.3";
			developmentRegion = en;
			hasScannedForEncodings = 0;
			knownRegions = (
				en,
				Base,
			);
			mainGroup = 40F4E82A25DE7B7600BAC0D2;
			productRefGroup = 40F4E83425DE7B7600BAC0D2 /* Products */;
			projectDirPath = "";
			projectRoot = "";
			targets = (
				40F4E83225DE7B7600BAC0D2 /* SAMPolibatam */,
			);
		};
/* End PBXProject section */

/* Begin PBXResourcesBuildPhase section */
		40F4E83125DE7B7600BAC0D2 /* Resources */ = {
			isa = PBXResourcesBuildPhase;
			buildActionMask = 2147483647;
			files = (
				40BECBA425DFB0A400DBA655 /* kalender1.png in Resources */,
				40944ECB25DEC35900447BA3 /* fotoblank.png in Resources */,
				40F4E86525DE7D3800BAC0D2 /* Kampus-Polibatam1.jpg in Resources */,
				40F4E84625DE7B7700BAC0D2 /* LaunchScreen.storyboard in Resources */,
				40F4E86E25DE841C00BAC0D2 /* Logo-Polibatam.png in Resources */,
				40BECBAA25DFB19C00DBA655 /* boxhistory.png in Resources */,
				40F4E86225DE7D3000BAC0D2 /* bt_bg_primary.png in Resources */,
				40944ECD25DEC35900447BA3 /* kalender.png in Resources */,
				40F4E84325DE7B7700BAC0D2 /* Assets.xcassets in Resources */,
				40F4E86825DE7DF200BAC0D2 /* Rectanglepoltek.png in Resources */,
				40944ED125DEC35900447BA3 /* kotakabsen.png in Resources */,
				40BECBA725DFB0A400DBA655 /* history1.png in Resources */,
				40BECB8C25DF772900DBA655 /* kotakprofpolos.png in Resources */,
				40BECB8725DF75D800DBA655 /* lokasiprof.png in Resources */,
				40944ECE25DEC35900447BA3 /* kotak izin.png in Resources */,
				40BECB7E25DF749000DBA655 /* boxjumlahizin.png in Resources */,
				40BECB7F25DF749000DBA655 /* gantipassword.png in Resources */,
				40BECB8025DF749000DBA655 /* notif.png in Resources */,
				40F4E87F25DE8E8500BAC0D2 /* history.png in Resources */,
				40F4E87425DE88CD00BAC0D2 /* home1.png in Resources */,
				40BECBA525DFB0A400DBA655 /* history.png in Resources */,
				40F4E86B25DE7EAA00BAC0D2 /* textarea.png in Resources */,
				40944ED725DEC4C500447BA3 /* garispetahome.png in Resources */,
				40BECB8325DF749000DBA655 /* camlogo.png in Resources */,
				40944EDA25DEC71800447BA3 /* latarizin.png in Resources */,
				40F4E86125DE7D3000BAC0D2 /* Rectangle 11.png in Resources */,
				40F4E87525DE88CD00BAC0D2 /* profile1.png in Resources */,
				40F4E87E25DE8E8500BAC0D2 /* home.png in Resources */,
				40BECB8F25DF7E5900DBA655 /* backarrow.png in Resources */,
				40944ECF25DEC35900447BA3 /* map pin.png in Resources */,
				40BECB8425DF749000DBA655 /* boxjumlahhadir.png in Resources */,
				40BECB8B25DF772900DBA655 /* kotakprofarrow.png in Resources */,
				40F4E87625DE88CD00BAC0D2 /* history1.png in Resources */,
				40F4E88025DE8E8500BAC0D2 /* profile.png in Resources */,
				40BECBA625DFB0A400DBA655 /* kalender.png in Resources */,
				40F4E83E25DE7B7600BAC0D2 /* Main.storyboard in Resources */,
				40BECB8225DF749000DBA655 /* boxjumlahaplha.png in Resources */,
				40944ECC25DEC35900447BA3 /* kotak absen masuk.png in Resources */,
				40BECB8125DF749000DBA655 /* aboutus.png in Resources */,
				40944ED025DEC35900447BA3 /* bg izin.png in Resources */,
				40944ED425DEC3A000447BA3 /* background.png in Resources */,
			);
			runOnlyForDeploymentPostprocessing = 0;
		};
/* End PBXResourcesBuildPhase section */

/* Begin PBXSourcesBuildPhase section */
		40F4E82F25DE7B7600BAC0D2 /* Sources */ = {
			isa = PBXSourcesBuildPhase;
			buildActionMask = 2147483647;
			files = (
				40104A4D25DEE5FF003489DC /* HomeViewController.swift in Sources */,
				40F4E83B25DE7B7600BAC0D2 /* ViewController.swift in Sources */,
				40F4E83725DE7B7600BAC0D2 /* AppDelegate.swift in Sources */,
				40BECB9425DF80C300DBA655 /* LupaPassViewController.swift in Sources */,
				40BECB9925DF93A400DBA655 /* ProfileViewController.swift in Sources */,
				40F4E83925DE7B7600BAC0D2 /* SceneDelegate.swift in Sources */,
				40BECBAD25DFB2EE00DBA655 /* HistoryViewController.swift in Sources */,
				40F4E84125DE7B7600BAC0D2 /* SAMPolibatam.xcdatamodeld in Sources */,
			);
			runOnlyForDeploymentPostprocessing = 0;
		};
/* End PBXSourcesBuildPhase section */

/* Begin PBXVariantGroup section */
		40F4E83C25DE7B7600BAC0D2 /* Main.storyboard */ = {
			isa = PBXVariantGroup;
			children = (
				40F4E83D25DE7B7600BAC0D2 /* Base */,
			);
			name = Main.storyboard;
			sourceTree = "<group>";
		};
		40F4E84425DE7B7700BAC0D2 /* LaunchScreen.storyboard */ = {
			isa = PBXVariantGroup;
			children = (
				40F4E84525DE7B7700BAC0D2 /* Base */,
			);
			name = LaunchScreen.storyboard;
			sourceTree = "<group>";
		};
/* End PBXVariantGroup section */

/* Begin XCBuildConfiguration section */
		40F4E84825DE7B7700BAC0D2 /* Debug */ = {
			isa = XCBuildConfiguration;
			buildSettings = {
				ALWAYS_SEARCH_USER_PATHS = NO;
				CLANG_ANALYZER_NONNULL = YES;
				CLANG_ANALYZER_NUMBER_OBJECT_CONVERSION = YES_AGGRESSIVE;
				CLANG_CXX_LANGUAGE_STANDARD = "gnu++14";
				CLANG_CXX_LIBRARY = "libc++";
				CLANG_ENABLE_MODULES = YES;
				CLANG_ENABLE_OBJC_ARC = YES;
				CLANG_ENABLE_OBJC_WEAK = YES;
				CLANG_WARN_BLOCK_CAPTURE_AUTORELEASING = YES;
				CLANG_WARN_BOOL_CONVERSION = YES;
				CLANG_WARN_COMMA = YES;
				CLANG_WARN_CONSTANT_CONVERSION = YES;
				CLANG_WARN_DEPRECATED_OBJC_IMPLEMENTATIONS = YES;
				CLANG_WARN_DIRECT_OBJC_ISA_USAGE = YES_ERROR;
				CLANG_WARN_DOCUMENTATION_COMMENTS = YES;
				CLANG_WARN_EMPTY_BODY = YES;
				CLANG_WARN_ENUM_CONVERSION = YES;
				CLANG_WARN_INFINITE_RECURSION = YES;
				CLANG_WARN_INT_CONVERSION = YES;
				CLANG_WARN_NON_LITERAL_NULL_CONVERSION = YES;
				CLANG_WARN_OBJC_IMPLICIT_RETAIN_SELF = YES;
				CLANG_WARN_OBJC_LITERAL_CONVERSION = YES;
				CLANG_WARN_OBJC_ROOT_CLASS = YES_ERROR;
				CLANG_WARN_QUOTED_INCLUDE_IN_FRAMEWORK_HEADER = YES;
				CLANG_WARN_RANGE_LOOP_ANALYSIS = YES;
				CLANG_WARN_STRICT_PROTOTYPES = YES;
				CLANG_WARN_SUSPICIOUS_MOVE = YES;
				CLANG_WARN_UNGUARDED_AVAILABILITY = YES_AGGRESSIVE;
				CLANG_WARN_UNREACHABLE_CODE = YES;
				CLANG_WARN__DUPLICATE_METHOD_MATCH = YES;
				COPY_PHASE_STRIP = NO;
				DEBUG_INFORMATION_FORMAT = dwarf;
				ENABLE_STRICT_OBJC_MSGSEND = YES;
				ENABLE_TESTABILITY = YES;
				GCC_C_LANGUAGE_STANDARD = gnu11;
				GCC_DYNAMIC_NO_PIC = NO;
				GCC_NO_COMMON_BLOCKS = YES;
				GCC_OPTIMIZATION_LEVEL = 0;
				GCC_PREPROCESSOR_DEFINITIONS = (
					"DEBUG=1",
					"$(inherited)",
				);
				GCC_WARN_64_TO_32_BIT_CONVERSION = YES;
				GCC_WARN_ABOUT_RETURN_TYPE = YES_ERROR;
				GCC_WARN_UNDECLARED_SELECTOR = YES;
				GCC_WARN_UNINITIALIZED_AUTOS = YES_AGGRESSIVE;
				GCC_WARN_UNUSED_FUNCTION = YES;
				GCC_WARN_UNUSED_VARIABLE = YES;
				IPHONEOS_DEPLOYMENT_TARGET = 14.4;
				MTL_ENABLE_DEBUG_INFO = INCLUDE_SOURCE;
				MTL_FAST_MATH = YES;
				ONLY_ACTIVE_ARCH = YES;
				SDKROOT = iphoneos;
				SWIFT_ACTIVE_COMPILATION_CONDITIONS = DEBUG;
				SWIFT_OPTIMIZATION_LEVEL = "-Onone";
			};
			name = Debug;
		};
		40F4E84925DE7B7700BAC0D2 /* Release */ = {
			isa = XCBuildConfiguration;
			buildSettings = {
				ALWAYS_SEARCH_USER_PATHS = NO;
				CLANG_ANALYZER_NONNULL = YES;
				CLANG_ANALYZER_NUMBER_OBJECT_CONVERSION = YES_AGGRESSIVE;
				CLANG_CXX_LANGUAGE_STANDARD = "gnu++14";
				CLANG_CXX_LIBRARY = "libc++";
				CLANG_ENABLE_MODULES = YES;
				CLANG_ENABLE_OBJC_ARC = YES;
				CLANG_ENABLE_OBJC_WEAK = YES;
				CLANG_WARN_BLOCK_CAPTURE_AUTORELEASING = YES;
				CLANG_WARN_BOOL_CONVERSION = YES;
				CLANG_WARN_COMMA = YES;
				CLANG_WARN_CONSTANT_CONVERSION = YES;
				CLANG_WARN_DEPRECATED_OBJC_IMPLEMENTATIONS = YES;
				CLANG_WARN_DIRECT_OBJC_ISA_USAGE = YES_ERROR;
				CLANG_WARN_DOCUMENTATION_COMMENTS = YES;
				CLANG_WARN_EMPTY_BODY = YES;
				CLANG_WARN_ENUM_CONVERSION = YES;
				CLANG_WARN_INFINITE_RECURSION = YES;
				CLANG_WARN_INT_CONVERSION = YES;
				CLANG_WARN_NON_LITERAL_NULL_CONVERSION = YES;
				CLANG_WARN_OBJC_IMPLICIT_RETAIN_SELF = YES;
				CLANG_WARN_OBJC_LITERAL_CONVERSION = YES;
				CLANG_WARN_OBJC_ROOT_CLASS = YES_ERROR;
				CLANG_WARN_QUOTED_INCLUDE_IN_FRAMEWORK_HEADER = YES;
				CLANG_WARN_RANGE_LOOP_ANALYSIS = YES;
				CLANG_WARN_STRICT_PROTOTYPES = YES;
				CLANG_WARN_SUSPICIOUS_MOVE = YES;
				CLANG_WARN_UNGUARDED_AVAILABILITY = YES_AGGRESSIVE;
				CLANG_WARN_UNREACHABLE_CODE = YES;
				CLANG_WARN__DUPLICATE_METHOD_MATCH = YES;
				COPY_PHASE_STRIP = NO;
				DEBUG_INFORMATION_FORMAT = "dwarf-with-dsym";
				ENABLE_NS_ASSERTIONS = NO;
				ENABLE_STRICT_OBJC_MSGSEND = YES;
				GCC_C_LANGUAGE_STANDARD = gnu11;
				GCC_NO_COMMON_BLOCKS = YES;
				GCC_WARN_64_TO_32_BIT_CONVERSION = YES;
				GCC_WARN_ABOUT_RETURN_TYPE = YES_ERROR;
				GCC_WARN_UNDECLARED_SELECTOR = YES;
				GCC_WARN_UNINITIALIZED_AUTOS = YES_AGGRESSIVE;
				GCC_WARN_UNUSED_FUNCTION = YES;
				GCC_WARN_UNUSED_VARIABLE = YES;
				IPHONEOS_DEPLOYMENT_TARGET = 14.4;
				MTL_ENABLE_DEBUG_INFO = NO;
				MTL_FAST_MATH = YES;
				SDKROOT = iphoneos;
				SWIFT_COMPILATION_MODE = wholemodule;
				SWIFT_OPTIMIZATION_LEVEL = "-O";
				VALIDATE_PRODUCT = YES;
			};
			name = Release;
		};
		40F4E84B25DE7B7700BAC0D2 /* Debug */ = {
			isa = XCBuildConfiguration;
			buildSettings = {
				ASSETCATALOG_COMPILER_APPICON_NAME = AppIcon;
				ASSETCATALOG_COMPILER_GLOBAL_ACCENT_COLOR_NAME = AccentColor;
				CODE_SIGN_STYLE = Automatic;
				DEVELOPMENT_TEAM = 5GZXGAQ3YM;
				INFOPLIST_FILE = SAMPolibatam/Info.plist;
				LD_RUNPATH_SEARCH_PATHS = (
					"$(inherited)",
					"@executable_path/Frameworks",
				);
				PRODUCT_BUNDLE_IDENTIFIER = com.AgusRiady.SAMPolibatam;
				PRODUCT_NAME = "$(TARGET_NAME)";
				SWIFT_VERSION = 5.0;
				TARGETED_DEVICE_FAMILY = 1;
			};
			name = Debug;
		};
		40F4E84C25DE7B7700BAC0D2 /* Release */ = {
			isa = XCBuildConfiguration;
			buildSettings = {
				ASSETCATALOG_COMPILER_APPICON_NAME = AppIcon;
				ASSETCATALOG_COMPILER_GLOBAL_ACCENT_COLOR_NAME = AccentColor;
				CODE_SIGN_STYLE = Automatic;
				DEVELOPMENT_TEAM = 5GZXGAQ3YM;
				INFOPLIST_FILE = SAMPolibatam/Info.plist;
				LD_RUNPATH_SEARCH_PATHS = (
					"$(inherited)",
					"@executable_path/Frameworks",
				);
				PRODUCT_BUNDLE_IDENTIFIER = com.AgusRiady.SAMPolibatam;
				PRODUCT_NAME = "$(TARGET_NAME)";
				SWIFT_VERSION = 5.0;
				TARGETED_DEVICE_FAMILY = 1;
			};
			name = Release;
		};
/* End XCBuildConfiguration section */

/* Begin XCConfigurationList section */
		40F4E82E25DE7B7600BAC0D2 /* Build configuration list for PBXProject "SAMPolibatam" */ = {
			isa = XCConfigurationList;
			buildConfigurations = (
				40F4E84825DE7B7700BAC0D2 /* Debug */,
				40F4E84925DE7B7700BAC0D2 /* Release */,
			);
			defaultConfigurationIsVisible = 0;
			defaultConfigurationName = Release;
		};
		40F4E84A25DE7B7700BAC0D2 /* Build configuration list for PBXNativeTarget "SAMPolibatam" */ = {
			isa = XCConfigurationList;
			buildConfigurations = (
				40F4E84B25DE7B7700BAC0D2 /* Debug */,
				40F4E84C25DE7B7700BAC0D2 /* Release */,
			);
			defaultConfigurationIsVisible = 0;
			defaultConfigurationName = Release;
		};
/* End XCConfigurationList section */

/* Begin XCVersionGroup section */
		40F4E83F25DE7B7600BAC0D2 /* SAMPolibatam.xcdatamodeld */ = {
			isa = XCVersionGroup;
			children = (
				40F4E84025DE7B7600BAC0D2 /* SAMPolibatam.xcdatamodel */,
			);
			currentVersion = 40F4E84025DE7B7600BAC0D2 /* SAMPolibatam.xcdatamodel */;
			path = SAMPolibatam.xcdatamodeld;
			sourceTree = "<group>";
			versionGroupType = wrapper.xcdatamodel;
		};
/* End XCVersionGroup section */
	};
	rootObject = 40F4E82B25DE7B7600BAC0D2 /* Project object */;
}
